{
  "version": "3",
  "redirects": {
    "https://esm.sh/@ethereumjs/common": "https://esm.sh/@ethereumjs/common@4.1.0"
  },
  "remote": {
    "https://deno.land/std@0.150.0/media_types/_util.ts": "ce9b4fc4ba1c447dafab619055e20fd88236ca6bdd7834a21f98bd193c3fbfa1",
    "https://deno.land/std@0.150.0/media_types/mod.ts": "2d4b6f32a087029272dc59e0a55ae3cc4d1b27b794ccf528e94b1925795b3118",
    "https://deno.land/std@0.150.0/media_types/vendor/mime-db.v1.52.0.ts": "724cee25fa40f1a52d3937d6b4fbbfdd7791ff55e1b7ac08d9319d5632c7f5af",
    "https://deno.land/x/xhr@0.3.0/mod.ts": "094aacd627fd9635cd942053bf8032b5223b909858fa9dc8ffa583752ff63b20",
    "https://esm.sh/@apibara/indexer@0.2.2/starknet": "f67c50a85f58eaa85292c0b3fdb0af5d0a9b2cb91dc27f1a7d289fd9b240ef5a",
    "https://esm.sh/@ethereumjs/common@4.1.0": "2d6853b2695a41e167f0870fb6f39d9a32b656a9ad90d76854d93d4afdef9f8f",
    "https://esm.sh/@ethereumjs/tx@5.1.0": "db89697de73a85aec54490818cd5e604b20dcb5d90bcdc7f19d4ca96fbb30286",
    "https://esm.sh/@ethereumjs/util@9.0.1": "9d8c888c45407154e055b5d546a44f534c7478c21cc1f85d67cc43c1b5d4bec8",
    "https://esm.sh/starknet@5.24.3": "d566d139b1b25566d70584b163184697df6e3ad769a137a9c4fbd7111e16e7a4",
    "https://esm.sh/v135/@apibara/indexer@0.2.2/denonext/starknet.js": "3d4e9a238bbe354005b186d3297ad17e020517c1fcc35c9cdda9dc54def96c29",
    "https://esm.sh/v135/@ethereumjs/common@4.1.0/denonext/common.mjs": "1262c0794b45bb3338b0a1f689bfad7e3025c19a7d7b25dc3343c6f05de57f2b",
    "https://esm.sh/v135/@ethereumjs/rlp@5.0.1/denonext/rlp.mjs": "e7053dd0273991e806a6a7a9ced77044fa81064deb6fbd38f72939fc371fab49",
    "https://esm.sh/v135/@ethereumjs/tx@5.1.0/denonext/tx.mjs": "598717f77b3f07f343c860b7204ca78a9e07cc4a34834f10151a7e8cd6a707bd",
    "https://esm.sh/v135/@ethereumjs/util@9.0.1/denonext/util.mjs": "d88f5e19c3354780d1381d1396c0fdcdde3da06b9dc5f49f35c707bf2319a718",
    "https://esm.sh/v135/@noble/curves@1.1.0/denonext/_shortw_utils.js": "00cb8e706dc9a27d2b2ec805553cee799f10e479df771114b488f2c9c9a0dcec",
    "https://esm.sh/v135/@noble/curves@1.1.0/denonext/abstract/curve.js": "afcf481de38fff74955d1dd734cdc15e34a900ba71ed8656ad5c8810b0e66e5a",
    "https://esm.sh/v135/@noble/curves@1.1.0/denonext/abstract/hash-to-curve.js": "706cf8d43f436ba22f5c65f71e84403ec74124316e24e84d05cfdb297f80c0d2",
    "https://esm.sh/v135/@noble/curves@1.1.0/denonext/abstract/modular.js": "f16d57a1fd338e39a228d197f55b1e2d8bfcc33b3be392c148863d0895779f2f",
    "https://esm.sh/v135/@noble/curves@1.1.0/denonext/abstract/utils.js": "110d717e2e2291ab081a0af7355141153834ee8f1a605c219299d055b2267d8a",
    "https://esm.sh/v135/@noble/curves@1.1.0/denonext/abstract/weierstrass.js": "1e6d32f1e679a3800f2a17bbf6872ec7aebb459b22c582d508a8a7b27810e86d",
    "https://esm.sh/v135/@noble/curves@1.1.0/denonext/secp256k1.js": "2ac87abf6fecbde4c467c2500b130c3053c5b2e859f817c99817d086210e7997",
    "https://esm.sh/v135/@noble/curves@1.2.0/denonext/_shortw_utils.js": "47a889dd52d7b29e8bc0d641597239d0ae0b1f10a9ee3b114c3dbd273172e9af",
    "https://esm.sh/v135/@noble/curves@1.2.0/denonext/abstract/curve.js": "d4ac165ea7e6b5e401112e5c91d38a258fc6fe1dc3afa1c391cc2e74141d2228",
    "https://esm.sh/v135/@noble/curves@1.2.0/denonext/abstract/modular.js": "6d0fba13e486d0929f4ab81f7774d75b2254b934e0be7dd3fd96b959c0dd7600",
    "https://esm.sh/v135/@noble/curves@1.2.0/denonext/abstract/poseidon.js": "ab1b97653828117af52678e8a62ef976b529fdc56359172639c1c8e9c1d5d895",
    "https://esm.sh/v135/@noble/curves@1.2.0/denonext/abstract/utils.js": "33d6521fbb6756d058dff59616da1e55a55972b4848976c27e81c4b4bc36c0e4",
    "https://esm.sh/v135/@noble/curves@1.2.0/denonext/abstract/weierstrass.js": "5cb85ed9ad826f7e623f0052a55a865ad957eab06c30697804157844e82416a9",
    "https://esm.sh/v135/@noble/hashes@1.3.1/denonext/_assert.js": "d22dfffef44f75a84f61b9cedac204d6d39d6ccb14fc489e81bb9ab68de5f1c7",
    "https://esm.sh/v135/@noble/hashes@1.3.1/denonext/_sha2.js": "79869533e91a0a6ed446fb6d203c5ae9c458dc7ce990760446f4dbc0698eddab",
    "https://esm.sh/v135/@noble/hashes@1.3.1/denonext/crypto.js": "a66049789449b1cb447eb89a7f3f7adcd1ec4063beeacd3e0b6d84138ef38690",
    "https://esm.sh/v135/@noble/hashes@1.3.1/denonext/hmac.js": "04377300ce8017281732eada2e456fcbafd0dfe8fa45627d08456d82bf0e021a",
    "https://esm.sh/v135/@noble/hashes@1.3.1/denonext/sha256.js": "6ea97edce4ae3dd2dd35aed79b9fef4f246d8b9112fe9f17c96c8b01d975473f",
    "https://esm.sh/v135/@noble/hashes@1.3.1/denonext/sha3.js": "b656b255db2dc4f555978c8a5b279d67c2bc72979c0ca4cfa2cdb7e7963ee3dc",
    "https://esm.sh/v135/@noble/hashes@1.3.1/denonext/utils.js": "6da366e41886df220cc235aa6152c34abbcd688bee899e2eabbb885a2c5ae6ce",
    "https://esm.sh/v135/@noble/hashes@1.3.2/denonext/_assert.js": "8b3fcc3a8d18f25fded5ecb46250f2009f11e0586b0e1e33757d12b6d1b05591",
    "https://esm.sh/v135/@noble/hashes@1.3.2/denonext/crypto.js": "3d09b6d143b1cb8ec95375586a7d9a30a02b60cb1de984ba374c779f8e6c877a",
    "https://esm.sh/v135/@noble/hashes@1.3.2/denonext/hmac.js": "23f7c9bebfbb777754e776b3197005b866742ce752945bfca17bc3c3a59e0e21",
    "https://esm.sh/v135/@noble/hashes@1.3.2/denonext/utils.js": "bbfe700df9ae51f477688035ec3dd96739f77fd2f50439a4c84bcbc1aa7c7d4a",
    "https://esm.sh/v135/@noble/hashes@1.3.3/denonext/_assert.js": "f8882bd96e2a6d1834a445c5af97f927b1ba028f34963c8570568e33385c4419",
    "https://esm.sh/v135/@noble/hashes@1.3.3/denonext/_sha2.js": "7b27807ccd3cf7c3b90ce23b17bc9c5d791a72e41dd2e01a4debd9727990bca9",
    "https://esm.sh/v135/@noble/hashes@1.3.3/denonext/crypto.js": "cf6efbafcbb35e03bcb3a36cccd3d6d1f9bc4ba23f44a79551929a28c83e7901",
    "https://esm.sh/v135/@noble/hashes@1.3.3/denonext/sha256.js": "762e0b0cbde1990fc905eb816d30cdc0cf7dd4c23d123408c6963294f124f97d",
    "https://esm.sh/v135/@noble/hashes@1.3.3/denonext/sha3.js": "3765211a8eec7f75e4ad8f265c023ed372b16327f214133ce4fc64c3a1423404",
    "https://esm.sh/v135/@noble/hashes@1.3.3/denonext/utils.js": "701831e12a7e656df467b62f929ac9536ababef1b9b7445c7f87512366ae3933",
    "https://esm.sh/v135/@scure/base@1.1.5/denonext/base.mjs": "442a66c701330f27adff8b2fa6067308ff9a82b8e178c8482882ff4aa7dfee82",
    "https://esm.sh/v135/@scure/starknet@0.3.0/denonext/starknet.mjs": "d50471d53849ef5de4018ca196ef69fb8f487016b83c36b4a9509291672abd6c",
    "https://esm.sh/v135/crc@4.3.2/denonext/calculators/crc1.js": "eaa4ed99321cd8b52c59ca0cb630e65a4b859244dffb4a272a36101e8c196cfc",
    "https://esm.sh/v135/crc@4.3.2/denonext/calculators/crc16.js": "0ada74b2958a7bd3ecddb16a272b41dd18e002026569f1bfcb5a68d441db4485",
    "https://esm.sh/v135/crc@4.3.2/denonext/calculators/crc16ccitt.js": "10fe63c105fb7f8156ce23adaf40e8c2711c7e3dad6ef77a709738cbe0d5212e",
    "https://esm.sh/v135/crc@4.3.2/denonext/calculators/crc16kermit.js": "eee6fd14e48ac01b9f6e690038c747acd4be3f17bfb28c99f768fb831132768c",
    "https://esm.sh/v135/crc@4.3.2/denonext/calculators/crc16modbus.js": "cd1490bfedb6f70cbb4812c5419c16318e11c7f8a006da4faa943d9705bce6c7",
    "https://esm.sh/v135/crc@4.3.2/denonext/calculators/crc16xmodem.js": "0f1d6cd9c24ab0a93e9f1512cca6b1a5da3cb1b1c40d61cf7b1a045501fc0301",
    "https://esm.sh/v135/crc@4.3.2/denonext/calculators/crc24.js": "21bf478c3e4793427c603a7ee0f3f14802a40f2adfd26facee0a0833b234afd5",
    "https://esm.sh/v135/crc@4.3.2/denonext/calculators/crc32.js": "c916783306d04677a4bc72b86f34dcf6923e8c8a64e6c24480ed5e048a4e2527",
    "https://esm.sh/v135/crc@4.3.2/denonext/calculators/crc32mpeg2.js": "c7c604fa5205fb8ba8ff65bc6cd809c497f68e608f484d80407dfc5281e1ce72",
    "https://esm.sh/v135/crc@4.3.2/denonext/calculators/crc8.js": "42db2d1234c7cd8908bc7150bb5adf80f0e06a802292890f038c48cd967a8152",
    "https://esm.sh/v135/crc@4.3.2/denonext/calculators/crc81wire.js": "a057513002257678c34f9960659138aaace38b1a0015d4f750afb910a77c56e8",
    "https://esm.sh/v135/crc@4.3.2/denonext/calculators/crc8dvbs2.js": "86324953a96dc5337f96428c3fba86dab340bf3b64667b99a34548497a1992e5",
    "https://esm.sh/v135/crc@4.3.2/denonext/calculators/crcjam.js": "9e0668baaef5da9995a71966ad252e7feeb7f354f230979860b6674779ec316e",
    "https://esm.sh/v135/crc@4.3.2/denonext/crc.mjs": "aebae37e3003c69cf89549c49f856ba2358ee90bd4e784c82266567020af0f19",
    "https://esm.sh/v135/crc@4.3.2/denonext/crc1.js": "9d9f765dbea4658e92acb481622d540f8c285fa2ef4b4a34c83822119f0a37bb",
    "https://esm.sh/v135/crc@4.3.2/denonext/crc16.js": "c1786b507befe6a2853b0cc5002cbdf9aa22e82759046877a950360545fbfef7",
    "https://esm.sh/v135/crc@4.3.2/denonext/crc16ccitt.js": "1923e36f88a43aef4e679f5d47ef36611ed572a0363b8084309621c4b5c43608",
    "https://esm.sh/v135/crc@4.3.2/denonext/crc16kermit.js": "5ed3db793e7f1a00f10ec32170d7847d7190a2e1574626c7bb51931771e462da",
    "https://esm.sh/v135/crc@4.3.2/denonext/crc16modbus.js": "86c7765ea7d0508e75e8305838809da0211b822b835900c5f1d3cb4071918dc5",
    "https://esm.sh/v135/crc@4.3.2/denonext/crc16xmodem.js": "9f45aaf4903653ecdd5cea701aa49980811be45ce771a0773ee3443208e4ef07",
    "https://esm.sh/v135/crc@4.3.2/denonext/crc24.js": "5b72dc66c8cec68f234530538835f42e76215d3b0a7b0704508c366861fbf6dc",
    "https://esm.sh/v135/crc@4.3.2/denonext/crc32.js": "3cf87e8817f4a233eb6266ab93aaa07889882ca20f64cd0d9722dfc78838c00e",
    "https://esm.sh/v135/crc@4.3.2/denonext/crc32mpeg2.js": "58456f03b9496fd52318b0636ddcdd2f71e78c45d9cd68247a1adb876760fac1",
    "https://esm.sh/v135/crc@4.3.2/denonext/crc8.js": "a2df591da512ca13d4b85abf2b1ee99b383deadbad4bcdd09787061b2db6f7e7",
    "https://esm.sh/v135/crc@4.3.2/denonext/crc81wire.js": "1dd654ca7cf2d3f09a9465e6793984ccaef4125ef84de4fb27e982e502e6dcd1",
    "https://esm.sh/v135/crc@4.3.2/denonext/crc8dvbs2.js": "7c3bca5f086fc2f1be40de30c415d42bef62535389e25dc175c094dedbefaef4",
    "https://esm.sh/v135/crc@4.3.2/denonext/crcjam.js": "98767a32beac739f17ea64a56efde41f8180572adb9f51f2286d4eaa29d96737",
    "https://esm.sh/v135/ethereum-cryptography@2.1.2/denonext/keccak.js": "56352f00aea30bac6b0b0bf6c26370e2452e47e90f6cf0b450f3062df9c39fbe",
    "https://esm.sh/v135/ethereum-cryptography@2.1.2/denonext/random.js": "a81cc8d3c6f74555dc0d040018c588d06003ae0c686b6cf025434ff2c5caccff",
    "https://esm.sh/v135/ethereum-cryptography@2.1.2/denonext/secp256k1.js": "5d3152902365507958e16c57af02485d4486bc3a6f3df2d0b0ba0e59ba21bcc7",
    "https://esm.sh/v135/ethereum-cryptography@2.1.2/denonext/sha256.js": "961c9a682c3eebde948a48a5e71dc297f7c0927dd54e2d526ed71a23c798ec55",
    "https://esm.sh/v135/ethereum-cryptography@2.1.2/denonext/utils.js": "5e7d94766e9c1f6fe6a1233e63d84aaa3475d8660920e327de33503b645ceed4",
    "https://esm.sh/v135/isomorphic-fetch@3.0.0/denonext/isomorphic-fetch.mjs": "a791533fb7269baadd38e8e4a34a46a6cb70f5c89ea4e8f4b3e1e5ddd533d61f",
    "https://esm.sh/v135/lossless-json@2.0.11/denonext/lossless-json.mjs": "cb67043586fcaab9a862a403c35abc3c8485788ec59fd403565c7f550a932085",
    "https://esm.sh/v135/pako@2.1.0/denonext/pako.mjs": "a96661a4528965146d092709c0566bbb9a6fbc04e21587adfae26d48b2b3d763",
    "https://esm.sh/v135/starknet@5.24.3/denonext/starknet.mjs": "2728a4d3cefb2ae5e0292d590509eca79906286b8abf1523368224221fe38f2d",
    "https://esm.sh/v135/url-join@4.0.1/denonext/url-join.mjs": "1d2b840f03b6a3aaaaaa56380ea7879740d376a1dd83511b5bcf8af6c4617e1e",
    "https://esm.sh/v135/whatwg-fetch@3.6.19/denonext/whatwg-fetch.mjs": "65c15a9d84dcbd90308975b351e180e43ed2849f0be2312e543202d4fbb8e335"
  }
}
